github.com/crediterra/money v0.0.0-20180614231750-0c17d5a08423 h1:5LlchTofOmqWwRvvRS7/lBgGkFPvUpJ24n52eExpunc=
github.com/crediterra/money v0.0.0-20180614231750-0c17d5a08423/go.mod h1:u+vFSu8Jj7fQZ6rOZaohkoo94eJGgumPBRc6O1PMR44=
github.com/pkg/errors v0.9.1 h1:FEBLx1zS214owpjy7qsBeixbURkuhQAwrK5UwLGTwt4=
github.com/pkg/errors v0.9.1/go.mod h1:bwawxfHBFNV+L2hUp1rHADufV3IMtnDRdf1r5NINEl0=
github.com/pquerna/ffjson v0.0.0-20190930134022-aa0246cd15f7 h1:xoIK0ctDddBMnc74udxJYBqlo9Ylnsp1waqjLsnef20=
github.com/pquerna/ffjson v0.0.0-20190930134022-aa0246cd15f7/go.mod h1:YARuvh7BUWHNhzDq2OM5tzR2RiCcN2D7sapiKyCel/M=
github.com/prizarena/arena v0.0.0-20180606223342-ee902bc6dfb2 h1:OnsTIAOydg1PNWcSqyuQYBjF7Z+6JTEfj/1v0X0A4pk=
github.com/prizarena/arena v0.0.0-20180606223342-ee902bc6dfb2/go.mod h1:qPze6x5LWRJc1MCHApYPuht9BHugu9iBacnXGYCh2WM=
github.com/prizarena/arena v0.0.1 h1:PNI3Z6PkMkxzoOTkTxw4IUG62wv86RhZXmbtKF2oQAI=
github.com/prizarena/arena v0.0.1/go.mod h1:+Nhz21btRlKleWJCjOZiTln3A5eBsIcDAsRHH1DzH3M=
github.com/prizarena/arena v0.0.2 h1:+wyA6xykE5JsCDfzYuuqWfV4NSz48HGCQ1Gpv1F6DlQ=
github.com/prizarena/arena v0.0.2/go.mod h1:+Nhz21btRlKleWJCjOZiTln3A5eBsIcDAsRHH1DzH3M=
github.com/prizarena/arena v0.0.3 h1:862JxvMWFgSjhjPuPJMUeC2mzVVFPtOzz5v1t/IfLnQ=
github.com/prizarena/arena v0.0.3/go.mod h1:+BA417UxOVSA2UpkKDAmonso+1QVAjcpXptVn2hq3ec=
github.com/prizarena/arena v0.0.4 h1:jTRXknfse7TFAkTgdnFDFkAprTA2gtQjOK4Ch0IA+OA=
github.com/prizarena/arena v0.0.4/go.mod h1:+BA417UxOVSA2UpkKDAmonso+1QVAjcpXptVn2hq3ec=
github.com/strongo/app v0.0.1 h1:fwYFKd9g0aygHT6X17yGXSZ+ETY++87a2P4lCuW5V4I=
github.com/strongo/app v0.0.1/go.mod h1:H9omqnFecxlU6LPVBqq9C0/Wt0OfD7x8axWGr7E2v7Q=
github.com/strongo/bots-framework v0.3.0 h1:VWTFrNpd3wTVNUm2FyUsEs0L513NC7dQjkxwjEttJQ0=
github.com/strongo/bots-framework v0.3.0/go.mod h1:2+6+fsBpndB6NPAUPs+BxoMPWoiw+qCfdSblGpKemJk=
github.com/strongo/bots-framework v0.4.0 h1:1JyVM5CwKvQLAKPGre62oREnhDLdyk80JB/jszZLuvc=
github.com/strongo/bots-framework v0.4.0/go.mod h1:3tIvuBE4Osm5doZmYNmfbZfD+Z6RBtLKvo3AHKY1VzM=
github.com/strongo/dalgo v0.0.17 h1:GgvYUr7sbmfTFTNH3+nAY5h2J+LyJurObfpbiHry+dA=
github.com/strongo/dalgo v0.0.17/go.mod h1:rciO9N0uM5o2OG9DtWnT/cafkP0CxdMEbq04BmtEWBQ=
github.com/strongo/decimal v0.0.0-20180523215323-a1521d8f65fa h1:AOb2mf7fUvA1CYS+J9+2arVJnugLoOMDRtuGePY/ijc=
github.com/strongo/decimal v0.0.0-20180523215323-a1521d8f65fa/go.mod h1:YhdeiZouB+DobdQUZ2h5/VVAp7nvRFwh1FJ3rp/jsng=
github.com/strongo/emoji v0.0.0-20180628223242-ca029fbd72ef h1:bMKmjTbRTgX1vXYQfatBM33Gnyr7NrMj/Byb1SR8bAI=
github.com/strongo/emoji v0.0.0-20180628223242-ca029fbd72ef/go.mod h1:L7I5ikZykA4gVaokzZVDNKi3cOWoHxr3IUeY5P+tDbU=
github.com/strongo/log v0.0.0-20180427205522-8c4c66a45d20 h1:rzmka7ykAIt2QWNIyGVbqob3XtFSFwrw/qOyrHb29Qc=
github.com/strongo/log v0.0.0-20180427205522-8c4c66a45d20/go.mod h1:wNiymP8KTecS4Jd5FF1evQ2ReBUlKwp1afYWFTHrlpo=
github.com/strongo/random v0.0.0-20201120164511-f20cfe28165d h1:I8qa7ggQ5RT+hO5gTTaBtS8ZEvbsBIik//AdM4dZL4g=
github.com/strongo/random v0.0.0-20201120164511-f20cfe28165d/go.mod h1:b5FiRTvklOIQI/iX+4qfwtK7Jrs+9KTZFn1dP9iX26o=
github.com/strongo/slice v0.0.3 h1:FAVwvDf1CqEoUZB76/WFd/oa84gXHYOuDdGG9HgMmRg=
github.com/strongo/slice v0.0.3/go.mod h1:Ix1x0A2+4Mw7WJnsaR8hPHLYtGZ9wp29fIp8X4btgE8=
